// !$*UTF8*$!
{
	archiveVersion = 1;
	classes = {
	};
	objectVersion = 55;
	objects = {

/* Begin PBXBuildFile section */
		9E41768727E615FF0098047D /* PushUpsDataManager.swift in Sources */ = {isa = PBXBuildFile; fileRef = 9E41768627E615FF0098047D /* PushUpsDataManager.swift */; };
		9E41768927E61C8D0098047D /* SitUpsDataManager.swift in Sources */ = {isa = PBXBuildFile; fileRef = 9E41768827E61C8D0098047D /* SitUpsDataManager.swift */; };
		9E74ADF328074F560085C939 /* CircularView.swift in Sources */ = {isa = PBXBuildFile; fileRef = 9E74ADF228074F560085C939 /* CircularView.swift */; };
		9E8D482127D79CA50098C813 /* AppDelegate.swift in Sources */ = {isa = PBXBuildFile; fileRef = 9E8D482027D79CA50098C813 /* AppDelegate.swift */; };
		9E8D482327D79CA50098C813 /* SceneDelegate.swift in Sources */ = {isa = PBXBuildFile; fileRef = 9E8D482227D79CA50098C813 /* SceneDelegate.swift */; };
		9E8D482827D79CA50098C813 /* Main.storyboard in Resources */ = {isa = PBXBuildFile; fileRef = 9E8D482627D79CA50098C813 /* Main.storyboard */; };
		9E8D482B27D79CA50098C813 /* FitnessApp.xcdatamodeld in Sources */ = {isa = PBXBuildFile; fileRef = 9E8D482927D79CA50098C813 /* FitnessApp.xcdatamodeld */; };
		9E8D482D27D79CA60098C813 /* Assets.xcassets in Resources */ = {isa = PBXBuildFile; fileRef = 9E8D482C27D79CA60098C813 /* Assets.xcassets */; };
		9E8D483027D79CA60098C813 /* LaunchScreen.storyboard in Resources */ = {isa = PBXBuildFile; fileRef = 9E8D482E27D79CA60098C813 /* LaunchScreen.storyboard */; };
		9E997551281EAD0D00E4F63B /* SquatsViewController.swift in Sources */ = {isa = PBXBuildFile; fileRef = 9E997550281EAD0D00E4F63B /* SquatsViewController.swift */; };
		9E997553281EAD3000E4F63B /* SquatsPrepareViewController.swift in Sources */ = {isa = PBXBuildFile; fileRef = 9E997552281EAD3000E4F63B /* SquatsPrepareViewController.swift */; };
		9E997556281EADA400E4F63B /* SquatsDataManager.swift in Sources */ = {isa = PBXBuildFile; fileRef = 9E997555281EADA400E4F63B /* SquatsDataManager.swift */; };
		9E997558281EADC200E4F63B /* PullUpsViewController.swift in Sources */ = {isa = PBXBuildFile; fileRef = 9E997557281EADC200E4F63B /* PullUpsViewController.swift */; };
		9E99755A281EADDF00E4F63B /* PullUpsPrepareViewController.swift in Sources */ = {isa = PBXBuildFile; fileRef = 9E997559281EADDF00E4F63B /* PullUpsPrepareViewController.swift */; };
		9E99755C281EADF300E4F63B /* PullUpsDataManager.swift in Sources */ = {isa = PBXBuildFile; fileRef = 9E99755B281EADF300E4F63B /* PullUpsDataManager.swift */; };
		9E9975602825558A00E4F63B /* GoogleService-Info.plist in Resources */ = {isa = PBXBuildFile; fileRef = 9E99755F2825558A00E4F63B /* GoogleService-Info.plist */; };
		9E9975632825649200E4F63B /* FirebaseAuth in Frameworks */ = {isa = PBXBuildFile; productRef = 9E9975622825649200E4F63B /* FirebaseAuth */; };
		9E9975652825649200E4F63B /* FirebaseDatabase in Frameworks */ = {isa = PBXBuildFile; productRef = 9E9975642825649200E4F63B /* FirebaseDatabase */; };
		9E9975672826984000E4F63B /* AuthViewController.swift in Sources */ = {isa = PBXBuildFile; fileRef = 9E9975662826984000E4F63B /* AuthViewController.swift */; };
		9E9975692826A99200E4F63B /* WelcomeViewController.swift in Sources */ = {isa = PBXBuildFile; fileRef = 9E9975682826A99200E4F63B /* WelcomeViewController.swift */; };
		9E9975B6282A9EAD00E4F63B /* FirebaseFirestore in Frameworks */ = {isa = PBXBuildFile; productRef = 9E9975B5282A9EAD00E4F63B /* FirebaseFirestore */; };
		9E9975B8282A9EAD00E4F63B /* FirebaseFirestoreCombine-Community in Frameworks */ = {isa = PBXBuildFile; productRef = 9E9975B7282A9EAD00E4F63B /* FirebaseFirestoreCombine-Community */; };
		9E9975BA282A9EAD00E4F63B /* FirebaseFirestoreSwift in Frameworks */ = {isa = PBXBuildFile; productRef = 9E9975B9282A9EAD00E4F63B /* FirebaseFirestoreSwift */; };
		9E9975BC282A9EAD00E4F63B /* FirebaseStorage in Frameworks */ = {isa = PBXBuildFile; productRef = 9E9975BB282A9EAD00E4F63B /* FirebaseStorage */; };
		9E9975BE282A9EAD00E4F63B /* FirebaseStorageCombine-Community in Frameworks */ = {isa = PBXBuildFile; productRef = 9E9975BD282A9EAD00E4F63B /* FirebaseStorageCombine-Community */; };
		9EB6422427F5F6C7007654B8 /* RunViewController.swift in Sources */ = {isa = PBXBuildFile; fileRef = 9EB6422327F5F6C7007654B8 /* RunViewController.swift */; };
		9EB6422627F5F6EC007654B8 /* RunPrepareViewController.swift in Sources */ = {isa = PBXBuildFile; fileRef = 9EB6422527F5F6EC007654B8 /* RunPrepareViewController.swift */; };
		9EB6422827F5F701007654B8 /* RunDataManager.swift in Sources */ = {isa = PBXBuildFile; fileRef = 9EB6422727F5F701007654B8 /* RunDataManager.swift */; };
		9ED54F2827E4A5990077057E /* PushUpsPrepareViewController.swift in Sources */ = {isa = PBXBuildFile; fileRef = 9ED54F2727E4A5990077057E /* PushUpsPrepareViewController.swift */; };
		9ED54F2C27E4A64A0077057E /* PushUpsViewController.swift in Sources */ = {isa = PBXBuildFile; fileRef = 9ED54F2B27E4A64A0077057E /* PushUpsViewController.swift */; };
		9ED54F2E27E4A6AC0077057E /* SitUpsPrepareViewController.swift in Sources */ = {isa = PBXBuildFile; fileRef = 9ED54F2D27E4A6AC0077057E /* SitUpsPrepareViewController.swift */; };
		9ED54F3027E4A6DF0077057E /* SitUpsViewController.swift in Sources */ = {isa = PBXBuildFile; fileRef = 9ED54F2F27E4A6DF0077057E /* SitUpsViewController.swift */; };
		9EE4007E27E38817001D161F /* MainViewController.swift in Sources */ = {isa = PBXBuildFile; fileRef = 9EE4007D27E38817001D161F /* MainViewController.swift */; };
/* End PBXBuildFile section */

/* Begin PBXFileReference section */
		9E41768627E615FF0098047D /* PushUpsDataManager.swift */ = {isa = PBXFileReference; lastKnownFileType = sourcecode.swift; path = PushUpsDataManager.swift; sourceTree = "<group>"; };
		9E41768827E61C8D0098047D /* SitUpsDataManager.swift */ = {isa = PBXFileReference; lastKnownFileType = sourcecode.swift; path = SitUpsDataManager.swift; sourceTree = "<group>"; };
		9E74ADF228074F560085C939 /* CircularView.swift */ = {isa = PBXFileReference; lastKnownFileType = sourcecode.swift; path = CircularView.swift; sourceTree = "<group>"; };
		9E8D481D27D79CA50098C813 /* FitnessApp.app */ = {isa = PBXFileReference; explicitFileType = wrapper.application; includeInIndex = 0; path = FitnessApp.app; sourceTree = BUILT_PRODUCTS_DIR; };
		9E8D482027D79CA50098C813 /* AppDelegate.swift */ = {isa = PBXFileReference; explicitFileType = sourcecode.swift; path = AppDelegate.swift; sourceTree = "<group>"; };
		9E8D482227D79CA50098C813 /* SceneDelegate.swift */ = {isa = PBXFileReference; lastKnownFileType = sourcecode.swift; path = SceneDelegate.swift; sourceTree = "<group>"; };
		9E8D482727D79CA50098C813 /* Base */ = {isa = PBXFileReference; lastKnownFileType = file.storyboard; name = Base; path = Base.lproj/Main.storyboard; sourceTree = "<group>"; };
		9E8D482A27D79CA50098C813 /* FitnessApp.xcdatamodel */ = {isa = PBXFileReference; lastKnownFileType = wrapper.xcdatamodel; path = FitnessApp.xcdatamodel; sourceTree = "<group>"; };
		9E8D482C27D79CA60098C813 /* Assets.xcassets */ = {isa = PBXFileReference; lastKnownFileType = folder.assetcatalog; path = Assets.xcassets; sourceTree = "<group>"; };
		9E8D482F27D79CA60098C813 /* Base */ = {isa = PBXFileReference; lastKnownFileType = file.storyboard; name = Base; path = Base.lproj/LaunchScreen.storyboard; sourceTree = "<group>"; };
		9E8D483127D79CA60098C813 /* Info.plist */ = {isa = PBXFileReference; lastKnownFileType = text.plist.xml; path = Info.plist; sourceTree = "<group>"; };
		9E997550281EAD0D00E4F63B /* SquatsViewController.swift */ = {isa = PBXFileReference; lastKnownFileType = sourcecode.swift; path = SquatsViewController.swift; sourceTree = "<group>"; };
		9E997552281EAD3000E4F63B /* SquatsPrepareViewController.swift */ = {isa = PBXFileReference; lastKnownFileType = sourcecode.swift; path = SquatsPrepareViewController.swift; sourceTree = "<group>"; };
		9E997555281EADA400E4F63B /* SquatsDataManager.swift */ = {isa = PBXFileReference; lastKnownFileType = sourcecode.swift; path = SquatsDataManager.swift; sourceTree = "<group>"; };
		9E997557281EADC200E4F63B /* PullUpsViewController.swift */ = {isa = PBXFileReference; lastKnownFileType = sourcecode.swift; path = PullUpsViewController.swift; sourceTree = "<group>"; };
		9E997559281EADDF00E4F63B /* PullUpsPrepareViewController.swift */ = {isa = PBXFileReference; lastKnownFileType = sourcecode.swift; path = PullUpsPrepareViewController.swift; sourceTree = "<group>"; };
		9E99755B281EADF300E4F63B /* PullUpsDataManager.swift */ = {isa = PBXFileReference; lastKnownFileType = sourcecode.swift; path = PullUpsDataManager.swift; sourceTree = "<group>"; };
		9E99755F2825558A00E4F63B /* GoogleService-Info.plist */ = {isa = PBXFileReference; fileEncoding = 4; lastKnownFileType = text.plist.xml; path = "GoogleService-Info.plist"; sourceTree = "<group>"; };
		9E9975662826984000E4F63B /* AuthViewController.swift */ = {isa = PBXFileReference; lastKnownFileType = sourcecode.swift; path = AuthViewController.swift; sourceTree = "<group>"; };
		9E9975682826A99200E4F63B /* WelcomeViewController.swift */ = {isa = PBXFileReference; lastKnownFileType = sourcecode.swift; path = WelcomeViewController.swift; sourceTree = "<group>"; };
		9EB6422327F5F6C7007654B8 /* RunViewController.swift */ = {isa = PBXFileReference; lastKnownFileType = sourcecode.swift; path = RunViewController.swift; sourceTree = "<group>"; };
		9EB6422527F5F6EC007654B8 /* RunPrepareViewController.swift */ = {isa = PBXFileReference; lastKnownFileType = sourcecode.swift; path = RunPrepareViewController.swift; sourceTree = "<group>"; };
		9EB6422727F5F701007654B8 /* RunDataManager.swift */ = {isa = PBXFileReference; lastKnownFileType = sourcecode.swift; path = RunDataManager.swift; sourceTree = "<group>"; };
		9ED54F2727E4A5990077057E /* PushUpsPrepareViewController.swift */ = {isa = PBXFileReference; lastKnownFileType = sourcecode.swift; path = PushUpsPrepareViewController.swift; sourceTree = "<group>"; };
		9ED54F2B27E4A64A0077057E /* PushUpsViewController.swift */ = {isa = PBXFileReference; lastKnownFileType = sourcecode.swift; path = PushUpsViewController.swift; sourceTree = "<group>"; };
		9ED54F2D27E4A6AC0077057E /* SitUpsPrepareViewController.swift */ = {isa = PBXFileReference; lastKnownFileType = sourcecode.swift; path = SitUpsPrepareViewController.swift; sourceTree = "<group>"; };
		9ED54F2F27E4A6DF0077057E /* SitUpsViewController.swift */ = {isa = PBXFileReference; lastKnownFileType = sourcecode.swift; path = SitUpsViewController.swift; sourceTree = "<group>"; };
		9EE4007D27E38817001D161F /* MainViewController.swift */ = {isa = PBXFileReference; lastKnownFileType = sourcecode.swift; path = MainViewController.swift; sourceTree = "<group>"; };
/* End PBXFileReference section */

/* Begin PBXFrameworksBuildPhase section */
		9E8D481A27D79CA50098C813 /* Frameworks */ = {
			isa = PBXFrameworksBuildPhase;
			buildActionMask = 2147483647;
			files = (
				9E9975BA282A9EAD00E4F63B /* FirebaseFirestoreSwift in Frameworks */,
				9E9975BE282A9EAD00E4F63B /* FirebaseStorageCombine-Community in Frameworks */,
				9E9975652825649200E4F63B /* FirebaseDatabase in Frameworks */,
				9E9975B8282A9EAD00E4F63B /* FirebaseFirestoreCombine-Community in Frameworks */,
				9E9975632825649200E4F63B /* FirebaseAuth in Frameworks */,
				9E9975B6282A9EAD00E4F63B /* FirebaseFirestore in Frameworks */,
				9E9975BC282A9EAD00E4F63B /* FirebaseStorage in Frameworks */,
			);
			runOnlyForDeploymentPostprocessing = 0;
		};
/* End PBXFrameworksBuildPhase section */

/* Begin PBXGroup section */
		9E41768227E612920098047D /* PushUps */ = {
			isa = PBXGroup;
			children = (
				9E41768627E615FF0098047D /* PushUpsDataManager.swift */,
				9ED54F2727E4A5990077057E /* PushUpsPrepareViewController.swift */,
				9ED54F2B27E4A64A0077057E /* PushUpsViewController.swift */,
			);
			path = PushUps;
			sourceTree = "<group>";
		};
		9E41768327E612A40098047D /* SitUps */ = {
			isa = PBXGroup;
			children = (
				9E41768827E61C8D0098047D /* SitUpsDataManager.swift */,
				9ED54F2D27E4A6AC0077057E /* SitUpsPrepareViewController.swift */,
				9ED54F2F27E4A6DF0077057E /* SitUpsViewController.swift */,
			);
			path = SitUps;
			sourceTree = "<group>";
		};
		9E8D481427D79CA50098C813 = {
			isa = PBXGroup;
			children = (
				9E8D481F27D79CA50098C813 /* FitnessApp */,
				9E8D481E27D79CA50098C813 /* Products */,
			);
			sourceTree = "<group>";
			usesTabs = 0;
		};
		9E8D481E27D79CA50098C813 /* Products */ = {
			isa = PBXGroup;
			children = (
				9E8D481D27D79CA50098C813 /* FitnessApp.app */,
			);
			name = Products;
			sourceTree = "<group>";
		};
		9E8D481F27D79CA50098C813 /* FitnessApp */ = {
			isa = PBXGroup;
			children = (
				9E8D482027D79CA50098C813 /* AppDelegate.swift */,
				9E8D482227D79CA50098C813 /* SceneDelegate.swift */,
				9E9975662826984000E4F63B /* AuthViewController.swift */,
				9EE4007D27E38817001D161F /* MainViewController.swift */,
				9E41768227E612920098047D /* PushUps */,
				9E41768327E612A40098047D /* SitUps */,
				9E997554281EAD4C00E4F63B /* Squats */,
				9E99755E281EAE2900E4F63B /* PullUps */,
				9EB6422A27F5F71F007654B8 /* Run */,
				9E9975682826A99200E4F63B /* WelcomeViewController.swift */,
				9E8D482627D79CA50098C813 /* Main.storyboard */,
				9E99755F2825558A00E4F63B /* GoogleService-Info.plist */,
				9E8D482C27D79CA60098C813 /* Assets.xcassets */,
				9E8D482E27D79CA60098C813 /* LaunchScreen.storyboard */,
				9E8D483127D79CA60098C813 /* Info.plist */,
				9E8D482927D79CA50098C813 /* FitnessApp.xcdatamodeld */,
			);
			path = FitnessApp;
			sourceTree = "<group>";
		};
		9E997554281EAD4C00E4F63B /* Squats */ = {
			isa = PBXGroup;
			children = (
				9E997555281EADA400E4F63B /* SquatsDataManager.swift */,
				9E997552281EAD3000E4F63B /* SquatsPrepareViewController.swift */,
				9E997550281EAD0D00E4F63B /* SquatsViewController.swift */,
			);
			path = Squats;
			sourceTree = "<group>";
		};
		9E99755E281EAE2900E4F63B /* PullUps */ = {
			isa = PBXGroup;
			children = (
				9E99755B281EADF300E4F63B /* PullUpsDataManager.swift */,
				9E997559281EADDF00E4F63B /* PullUpsPrepareViewController.swift */,
				9E997557281EADC200E4F63B /* PullUpsViewController.swift */,
			);
			path = PullUps;
			sourceTree = "<group>";
		};
		9EB6422A27F5F71F007654B8 /* Run */ = {
			isa = PBXGroup;
			children = (
				9E74ADF228074F560085C939 /* CircularView.swift */,
				9EB6422727F5F701007654B8 /* RunDataManager.swift */,
				9EB6422527F5F6EC007654B8 /* RunPrepareViewController.swift */,
				9EB6422327F5F6C7007654B8 /* RunViewController.swift */,
			);
			path = Run;
			sourceTree = "<group>";
		};
/* End PBXGroup section */

/* Begin PBXNativeTarget section */
		9E8D481C27D79CA50098C813 /* FitnessApp */ = {
			isa = PBXNativeTarget;
			buildConfigurationList = 9E8D483427D79CA60098C813 /* Build configuration list for PBXNativeTarget "FitnessApp" */;
			buildPhases = (
				9E8D481927D79CA50098C813 /* Sources */,
				9E8D481A27D79CA50098C813 /* Frameworks */,
				9E8D481B27D79CA50098C813 /* Resources */,
			);
			buildRules = (
			);
			dependencies = (
			);
			name = FitnessApp;
			packageProductDependencies = (
				9E9975622825649200E4F63B /* FirebaseAuth */,
				9E9975642825649200E4F63B /* FirebaseDatabase */,
				9E9975B5282A9EAD00E4F63B /* FirebaseFirestore */,
				9E9975B7282A9EAD00E4F63B /* FirebaseFirestoreCombine-Community */,
				9E9975B9282A9EAD00E4F63B /* FirebaseFirestoreSwift */,
				9E9975BB282A9EAD00E4F63B /* FirebaseStorage */,
				9E9975BD282A9EAD00E4F63B /* FirebaseStorageCombine-Community */,
			);
			productName = FitnessApp;
			productReference = 9E8D481D27D79CA50098C813 /* FitnessApp.app */;
			productType = "com.apple.product-type.application";
		};
/* End PBXNativeTarget section */

/* Begin PBXProject section */
		9E8D481527D79CA50098C813 /* Project object */ = {
			isa = PBXProject;
			attributes = {
				BuildIndependentTargetsInParallel = 1;
				LastSwiftUpdateCheck = 1320;
				LastUpgradeCheck = 1320;
				TargetAttributes = {
					9E8D481C27D79CA50098C813 = {
						CreatedOnToolsVersion = 13.2.1;
					};
				};
			};
			buildConfigurationList = 9E8D481827D79CA50098C813 /* Build configuration list for PBXProject "FitnessApp" */;
			compatibilityVersion = "Xcode 13.0";
			developmentRegion = en;
			hasScannedForEncodings = 0;
			knownRegions = (
				en,
				Base,
			);
			mainGroup = 9E8D481427D79CA50098C813;
			packageReferences = (
				9E9975612825649200E4F63B /* XCRemoteSwiftPackageReference "firebase-ios-sdk" */,
				9E9975B4282A9EAD00E4F63B /* XCRemoteSwiftPackageReference "firebase-ios-sdk" */,
			);
			productRefGroup = 9E8D481E27D79CA50098C813 /* Products */;
			projectDirPath = "";
			projectRoot = "";
			targets = (
				9E8D481C27D79CA50098C813 /* FitnessApp */,
			);
		};
/* End PBXProject section */

/* Begin PBXResourcesBuildPhase section */
		9E8D481B27D79CA50098C813 /* Resources */ = {
			isa = PBXResourcesBuildPhase;
			buildActionMask = 2147483647;
			files = (
				9E8D483027D79CA60098C813 /* LaunchScreen.storyboard in Resources */,
				9E9975602825558A00E4F63B /* GoogleService-Info.plist in Resources */,
				9E8D482D27D79CA60098C813 /* Assets.xcassets in Resources */,
				9E8D482827D79CA50098C813 /* Main.storyboard in Resources */,
			);
			runOnlyForDeploymentPostprocessing = 0;
		};
/* End PBXResourcesBuildPhase section */

/* Begin PBXSourcesBuildPhase section */
		9E8D481927D79CA50098C813 /* Sources */ = {
			isa = PBXSourcesBuildPhase;
			buildActionMask = 2147483647;
			files = (
				9E9975672826984000E4F63B /* AuthViewController.swift in Sources */,
				9E74ADF328074F560085C939 /* CircularView.swift in Sources */,
				9E8D482B27D79CA50098C813 /* FitnessApp.xcdatamodeld in Sources */,
				9EB6422827F5F701007654B8 /* RunDataManager.swift in Sources */,
				9ED54F3027E4A6DF0077057E /* SitUpsViewController.swift in Sources */,
				9E9975692826A99200E4F63B /* WelcomeViewController.swift in Sources */,
				9E99755A281EADDF00E4F63B /* PullUpsPrepareViewController.swift in Sources */,
				9E99755C281EADF300E4F63B /* PullUpsDataManager.swift in Sources */,
				9E997556281EADA400E4F63B /* SquatsDataManager.swift in Sources */,
				9E997551281EAD0D00E4F63B /* SquatsViewController.swift in Sources */,
				9E41768927E61C8D0098047D /* SitUpsDataManager.swift in Sources */,
				9E8D482127D79CA50098C813 /* AppDelegate.swift in Sources */,
				9E41768727E615FF0098047D /* PushUpsDataManager.swift in Sources */,
				9E997553281EAD3000E4F63B /* SquatsPrepareViewController.swift in Sources */,
				9ED54F2827E4A5990077057E /* PushUpsPrepareViewController.swift in Sources */,
				9ED54F2C27E4A64A0077057E /* PushUpsViewController.swift in Sources */,
				9E997558281EADC200E4F63B /* PullUpsViewController.swift in Sources */,
				9EB6422627F5F6EC007654B8 /* RunPrepareViewController.swift in Sources */,
				9E8D482327D79CA50098C813 /* SceneDelegate.swift in Sources */,
				9ED54F2E27E4A6AC0077057E /* SitUpsPrepareViewController.swift in Sources */,
				9EB6422427F5F6C7007654B8 /* RunViewController.swift in Sources */,
				9EE4007E27E38817001D161F /* MainViewController.swift in Sources */,
			);
			runOnlyForDeploymentPostprocessing = 0;
		};
/* End PBXSourcesBuildPhase section */

/* Begin PBXVariantGroup section */
		9E8D482627D79CA50098C813 /* Main.storyboard */ = {
			isa = PBXVariantGroup;
			children = (
				9E8D482727D79CA50098C813 /* Base */,
			);
			name = Main.storyboard;
			sourceTree = "<group>";
		};
		9E8D482E27D79CA60098C813 /* LaunchScreen.storyboard */ = {
			isa = PBXVariantGroup;
			children = (
				9E8D482F27D79CA60098C813 /* Base */,
			);
			name = LaunchScreen.storyboard;
			sourceTree = "<group>";
		};
/* End PBXVariantGroup section */

/* Begin XCBuildConfiguration section */
		9E8D483227D79CA60098C813 /* Debug */ = {
			isa = XCBuildConfiguration;
			buildSettings = {
				ALWAYS_SEARCH_USER_PATHS = NO;
				CLANG_ANALYZER_NONNULL = YES;
				CLANG_ANALYZER_NUMBER_OBJECT_CONVERSION = YES_AGGRESSIVE;
				CLANG_CXX_LANGUAGE_STANDARD = "gnu++17";
				CLANG_CXX_LIBRARY = "libc++";
				CLANG_ENABLE_MODULES = YES;
				CLANG_ENABLE_OBJC_ARC = YES;
				CLANG_ENABLE_OBJC_WEAK = YES;
				CLANG_WARN_BLOCK_CAPTURE_AUTORELEASING = YES;
				CLANG_WARN_BOOL_CONVERSION = YES;
				CLANG_WARN_COMMA = YES;
				CLANG_WARN_CONSTANT_CONVERSION = YES;
				CLANG_WARN_DEPRECATED_OBJC_IMPLEMENTATIONS = YES;
				CLANG_WARN_DIRECT_OBJC_ISA_USAGE = YES_ERROR;
				CLANG_WARN_DOCUMENTATION_COMMENTS = YES;
				CLANG_WARN_EMPTY_BODY = YES;
				CLANG_WARN_ENUM_CONVERSION = YES;
				CLANG_WARN_INFINITE_RECURSION = YES;
				CLANG_WARN_INT_CONVERSION = YES;
				CLANG_WARN_NON_LITERAL_NULL_CONVERSION = YES;
				CLANG_WARN_OBJC_IMPLICIT_RETAIN_SELF = YES;
				CLANG_WARN_OBJC_LITERAL_CONVERSION = YES;
				CLANG_WARN_OBJC_ROOT_CLASS = YES_ERROR;
				CLANG_WARN_QUOTED_INCLUDE_IN_FRAMEWORK_HEADER = YES;
				CLANG_WARN_RANGE_LOOP_ANALYSIS = YES;
				CLANG_WARN_STRICT_PROTOTYPES = YES;
				CLANG_WARN_SUSPICIOUS_MOVE = YES;
				CLANG_WARN_UNGUARDED_AVAILABILITY = YES_AGGRESSIVE;
				CLANG_WARN_UNREACHABLE_CODE = YES;
				CLANG_WARN__DUPLICATE_METHOD_MATCH = YES;
				COPY_PHASE_STRIP = NO;
				DEBUG_INFORMATION_FORMAT = dwarf;
				ENABLE_STRICT_OBJC_MSGSEND = YES;
				ENABLE_TESTABILITY = YES;
				GCC_C_LANGUAGE_STANDARD = gnu11;
				GCC_DYNAMIC_NO_PIC = NO;
				GCC_NO_COMMON_BLOCKS = YES;
				GCC_OPTIMIZATION_LEVEL = 0;
				GCC_PREPROCESSOR_DEFINITIONS = (
					"DEBUG=1",
					"$(inherited)",
				);
				GCC_WARN_64_TO_32_BIT_CONVERSION = YES;
				GCC_WARN_ABOUT_RETURN_TYPE = YES_ERROR;
				GCC_WARN_UNDECLARED_SELECTOR = YES;
				GCC_WARN_UNINITIALIZED_AUTOS = YES_AGGRESSIVE;
				GCC_WARN_UNUSED_FUNCTION = YES;
				GCC_WARN_UNUSED_VARIABLE = YES;
				IPHONEOS_DEPLOYMENT_TARGET = 15.2;
				MTL_ENABLE_DEBUG_INFO = INCLUDE_SOURCE;
				MTL_FAST_MATH = YES;
				ONLY_ACTIVE_ARCH = YES;
				SDKROOT = iphoneos;
				SWIFT_ACTIVE_COMPILATION_CONDITIONS = DEBUG;
				SWIFT_OPTIMIZATION_LEVEL = "-Onone";
			};
			name = Debug;
		};
		9E8D483327D79CA60098C813 /* Release */ = {
			isa = XCBuildConfiguration;
			buildSettings = {
				ALWAYS_SEARCH_USER_PATHS = NO;
				CLANG_ANALYZER_NONNULL = YES;
				CLANG_ANALYZER_NUMBER_OBJECT_CONVERSION = YES_AGGRESSIVE;
				CLANG_CXX_LANGUAGE_STANDARD = "gnu++17";
				CLANG_CXX_LIBRARY = "libc++";
				CLANG_ENABLE_MODULES = YES;
				CLANG_ENABLE_OBJC_ARC = YES;
				CLANG_ENABLE_OBJC_WEAK = YES;
				CLANG_WARN_BLOCK_CAPTURE_AUTORELEASING = YES;
				CLANG_WARN_BOOL_CONVERSION = YES;
				CLANG_WARN_COMMA = YES;
				CLANG_WARN_CONSTANT_CONVERSION = YES;
				CLANG_WARN_DEPRECATED_OBJC_IMPLEMENTATIONS = YES;
				CLANG_WARN_DIRECT_OBJC_ISA_USAGE = YES_ERROR;
				CLANG_WARN_DOCUMENTATION_COMMENTS = YES;
				CLANG_WARN_EMPTY_BODY = YES;
				CLANG_WARN_ENUM_CONVERSION = YES;
				CLANG_WARN_INFINITE_RECURSION = YES;
				CLANG_WARN_INT_CONVERSION = YES;
				CLANG_WARN_NON_LITERAL_NULL_CONVERSION = YES;
				CLANG_WARN_OBJC_IMPLICIT_RETAIN_SELF = YES;
				CLANG_WARN_OBJC_LITERAL_CONVERSION = YES;
				CLANG_WARN_OBJC_ROOT_CLASS = YES_ERROR;
				CLANG_WARN_QUOTED_INCLUDE_IN_FRAMEWORK_HEADER = YES;
				CLANG_WARN_RANGE_LOOP_ANALYSIS = YES;
				CLANG_WARN_STRICT_PROTOTYPES = YES;
				CLANG_WARN_SUSPICIOUS_MOVE = YES;
				CLANG_WARN_UNGUARDED_AVAILABILITY = YES_AGGRESSIVE;
				CLANG_WARN_UNREACHABLE_CODE = YES;
				CLANG_WARN__DUPLICATE_METHOD_MATCH = YES;
				COPY_PHASE_STRIP = NO;
				DEBUG_INFORMATION_FORMAT = "dwarf-with-dsym";
				ENABLE_NS_ASSERTIONS = NO;
				ENABLE_STRICT_OBJC_MSGSEND = YES;
				GCC_C_LANGUAGE_STANDARD = gnu11;
				GCC_NO_COMMON_BLOCKS = YES;
				GCC_WARN_64_TO_32_BIT_CONVERSION = YES;
				GCC_WARN_ABOUT_RETURN_TYPE = YES_ERROR;
				GCC_WARN_UNDECLARED_SELECTOR = YES;
				GCC_WARN_UNINITIALIZED_AUTOS = YES_AGGRESSIVE;
				GCC_WARN_UNUSED_FUNCTION = YES;
				GCC_WARN_UNUSED_VARIABLE = YES;
				IPHONEOS_DEPLOYMENT_TARGET = 15.2;
				MTL_ENABLE_DEBUG_INFO = NO;
				MTL_FAST_MATH = YES;
				SDKROOT = iphoneos;
				SWIFT_COMPILATION_MODE = wholemodule;
				SWIFT_OPTIMIZATION_LEVEL = "-O";
				VALIDATE_PRODUCT = YES;
			};
			name = Release;
		};
		9E8D483527D79CA60098C813 /* Debug */ = {
			isa = XCBuildConfiguration;
			buildSettings = {
				ASSETCATALOG_COMPILER_APPICON_NAME = AppIcon;
				ASSETCATALOG_COMPILER_GLOBAL_ACCENT_COLOR_NAME = AccentColor;
				CODE_SIGN_STYLE = Automatic;
				CURRENT_PROJECT_VERSION = 1;
				DEVELOPMENT_TEAM = 8H24J8356U;
				GENERATE_INFOPLIST_FILE = YES;
				INFOPLIST_FILE = FitnessApp/Info.plist;
				INFOPLIST_KEY_UIApplicationSupportsIndirectInputEvents = YES;
				INFOPLIST_KEY_UILaunchStoryboardName = LaunchScreen;
				INFOPLIST_KEY_UIMainStoryboardFile = Main;
				INFOPLIST_KEY_UISupportedInterfaceOrientations = UIInterfaceOrientationPortrait;
				INFOPLIST_KEY_UISupportedInterfaceOrientations_iPad = UIInterfaceOrientationPortrait;
				INFOPLIST_KEY_UISupportedInterfaceOrientations_iPhone = UIInterfaceOrientationPortrait;
				IPHONEOS_DEPLOYMENT_TARGET = 15.4;
				LD_RUNPATH_SEARCH_PATHS = (
					"$(inherited)",
					"@executable_path/Frameworks",
				);
				MARKETING_VERSION = 1.0;
				PRODUCT_BUNDLE_IDENTIFIER = projectAfterCourse.FitnessApp;
				PRODUCT_NAME = "$(TARGET_NAME)";
				SWIFT_EMIT_LOC_STRINGS = YES;
				SWIFT_VERSION = 5.0;
				TARGETED_DEVICE_FAMILY = 1;
			};
			name = Debug;
		};
		9E8D483627D79CA60098C813 /* Release */ = {
			isa = XCBuildConfiguration;
			buildSettings = {
				ASSETCATALOG_COMPILER_APPICON_NAME = AppIcon;
				ASSETCATALOG_COMPILER_GLOBAL_ACCENT_COLOR_NAME = AccentColor;
				CODE_SIGN_STYLE = Automatic;
				CURRENT_PROJECT_VERSION = 1;
				DEVELOPMENT_TEAM = 8H24J8356U;
				GENERATE_INFOPLIST_FILE = YES;
				INFOPLIST_FILE = FitnessApp/Info.plist;
				INFOPLIST_KEY_UIApplicationSupportsIndirectInputEvents = YES;
				INFOPLIST_KEY_UILaunchStoryboardName = LaunchScreen;
				INFOPLIST_KEY_UIMainStoryboardFile = Main;
				INFOPLIST_KEY_UISupportedInterfaceOrientations = UIInterfaceOrientationPortrait;
				INFOPLIST_KEY_UISupportedInterfaceOrientations_iPad = UIInterfaceOrientationPortrait;
				INFOPLIST_KEY_UISupportedInterfaceOrientations_iPhone = UIInterfaceOrientationPortrait;
				IPHONEOS_DEPLOYMENT_TARGET = 15.4;
				LD_RUNPATH_SEARCH_PATHS = (
					"$(inherited)",
					"@executable_path/Frameworks",
				);
				MARKETING_VERSION = 1.0;
				PRODUCT_BUNDLE_IDENTIFIER = projectAfterCourse.FitnessApp;
				PRODUCT_NAME = "$(TARGET_NAME)";
				SWIFT_EMIT_LOC_STRINGS = YES;
				SWIFT_VERSION = 5.0;
				TARGETED_DEVICE_FAMILY = 1;
			};
			name = Release;
		};
/* End XCBuildConfiguration section */

/* Begin XCConfigurationList section */
		9E8D481827D79CA50098C813 /* Build configuration list for PBXProject "FitnessApp" */ = {
			isa = XCConfigurationList;
			buildConfigurations = (
				9E8D483227D79CA60098C813 /* Debug */,
				9E8D483327D79CA60098C813 /* Release */,
			);
			defaultConfigurationIsVisible = 0;
			defaultConfigurationName = Release;
		};
		9E8D483427D79CA60098C813 /* Build configuration list for PBXNativeTarget "FitnessApp" */ = {
			isa = XCConfigurationList;
			buildConfigurations = (
				9E8D483527D79CA60098C813 /* Debug */,
				9E8D483627D79CA60098C813 /* Release */,
			);
			defaultConfigurationIsVisible = 0;
			defaultConfigurationName = Release;
		};
/* End XCConfigurationList section */

/* Begin XCRemoteSwiftPackageReference section */
		9E9975612825649200E4F63B /* XCRemoteSwiftPackageReference "firebase-ios-sdk" */ = {
			isa = XCRemoteSwiftPackageReference;
			repositoryURL = "https://github.com/firebase/firebase-ios-sdk";
			requirement = {
				kind = exactVersion;
				version = 9.0.0;
			};
		};
		9E9975B4282A9EAD00E4F63B /* XCRemoteSwiftPackageReference "firebase-ios-sdk" */ = {
			isa = XCRemoteSwiftPackageReference;
			repositoryURL = "https://github.com/firebase/firebase-ios-sdk";
			requirement = {
				kind = upToNextMajorVersion;
				minimumVersion = 9.0.0;
			};
		};
/* End XCRemoteSwiftPackageReference section */

/* Begin XCSwiftPackageProductDependency section */
		9E9975622825649200E4F63B /* FirebaseAuth */ = {
			isa = XCSwiftPackageProductDependency;
			package = 9E9975612825649200E4F63B /* XCRemoteSwiftPackageReference "firebase-ios-sdk" */;
			productName = FirebaseAuth;
		};
		9E9975642825649200E4F63B /* FirebaseDatabase */ = {
			isa = XCSwiftPackageProductDependency;
			package = 9E9975612825649200E4F63B /* XCRemoteSwiftPackageReference "firebase-ios-sdk" */;
			productName = FirebaseDatabase;
		};
		9E9975B5282A9EAD00E4F63B /* FirebaseFirestore */ = {
			isa = XCSwiftPackageProductDependency;
			package = 9E9975B4282A9EAD00E4F63B /* XCRemoteSwiftPackageReference "firebase-ios-sdk" */;
			productName = FirebaseFirestore;
		};
		9E9975B7282A9EAD00E4F63B /* FirebaseFirestoreCombine-Community */ = {
			isa = XCSwiftPackageProductDependency;
			package = 9E9975B4282A9EAD00E4F63B /* XCRemoteSwiftPackageReference "firebase-ios-sdk" */;
			productName = "FirebaseFirestoreCombine-Community";
		};
		9E9975B9282A9EAD00E4F63B /* FirebaseFirestoreSwift */ = {
			isa = XCSwiftPackageProductDependency;
			package = 9E9975B4282A9EAD00E4F63B /* XCRemoteSwiftPackageReference "firebase-ios-sdk" */;
			productName = FirebaseFirestoreSwift;
		};
		9E9975BB282A9EAD00E4F63B /* FirebaseStorage */ = {
			isa = XCSwiftPackageProductDependency;
			package = 9E9975B4282A9EAD00E4F63B /* XCRemoteSwiftPackageReference "firebase-ios-sdk" */;
			productName = FirebaseStorage;
		};
		9E9975BD282A9EAD00E4F63B /* FirebaseStorageCombine-Community */ = {
			isa = XCSwiftPackageProductDependency;
			package = 9E9975B4282A9EAD00E4F63B /* XCRemoteSwiftPackageReference "firebase-ios-sdk" */;
			productName = "FirebaseStorageCombine-Community";
		};
/* End XCSwiftPackageProductDependency section */

/* Begin XCVersionGroup section */
		9E8D482927D79CA50098C813 /* FitnessApp.xcdatamodeld */ = {
			isa = XCVersionGroup;
			children = (
				9E8D482A27D79CA50098C813 /* FitnessApp.xcdatamodel */,
			);
			currentVersion = 9E8D482A27D79CA50098C813 /* FitnessApp.xcdatamodel */;
			path = FitnessApp.xcdatamodeld;
			sourceTree = "<group>";
			versionGroupType = wrapper.xcdatamodel;
		};
/* End XCVersionGroup section */
	};
	rootObject = 9E8D481527D79CA50098C813 /* Project object */;
}
